// !$*UTF8*$!
{
	archiveVersion = 1;
	classes = {
	};
	objectVersion = 56;
	objects = {

/* Begin PBXBuildFile section */
		AF4AD63B2AF2A3D70054D1B5 /* GoogleService-Info.plist in Resources */ = {isa = PBXBuildFile; fileRef = AF4AD63A2AF2A3D70054D1B5 /* GoogleService-Info.plist */; };
		AF4AD63C2AF2A3D70054D1B5 /* GoogleService-Info.plist in Resources */ = {isa = PBXBuildFile; fileRef = AF4AD63A2AF2A3D70054D1B5 /* GoogleService-Info.plist */; };
		AF4AD63D2AF2A3D70054D1B5 /* GoogleService-Info.plist in Resources */ = {isa = PBXBuildFile; fileRef = AF4AD63A2AF2A3D70054D1B5 /* GoogleService-Info.plist */; };
		AF4AD6402AF2A6680054D1B5 /* FirebaseAnalytics in Frameworks */ = {isa = PBXBuildFile; productRef = AF4AD63F2AF2A6680054D1B5 /* FirebaseAnalytics */; };
		AF4AD6422AF2A6680054D1B5 /* FirebaseDatabase in Frameworks */ = {isa = PBXBuildFile; productRef = AF4AD6412AF2A6680054D1B5 /* FirebaseDatabase */; };
		AF4AD6442AF2A6680054D1B5 /* FirebaseDatabaseSwift in Frameworks */ = {isa = PBXBuildFile; productRef = AF4AD6432AF2A6680054D1B5 /* FirebaseDatabaseSwift */; };
		AF4AD6462AF2A6680054D1B5 /* FirebaseStorage in Frameworks */ = {isa = PBXBuildFile; productRef = AF4AD6452AF2A6680054D1B5 /* FirebaseStorage */; };
		C07F1B342AE8185F007DBD89 /* FirebaseApp.swift in Sources */ = {isa = PBXBuildFile; fileRef = C07F1B332AE8185F007DBD89 /* FirebaseApp.swift */; };
		C07F1B362AE8185F007DBD89 /* ContentView.swift in Sources */ = {isa = PBXBuildFile; fileRef = C07F1B352AE8185F007DBD89 /* ContentView.swift */; };
		C07F1B382AE81860007DBD89 /* Assets.xcassets in Resources */ = {isa = PBXBuildFile; fileRef = C07F1B372AE81860007DBD89 /* Assets.xcassets */; };
		C07F1B3B2AE81860007DBD89 /* Preview Assets.xcassets in Resources */ = {isa = PBXBuildFile; fileRef = C07F1B3A2AE81860007DBD89 /* Preview Assets.xcassets */; };
		C07F1B452AE81860007DBD89 /* FirebaseTests.swift in Sources */ = {isa = PBXBuildFile; fileRef = C07F1B442AE81860007DBD89 /* FirebaseTests.swift */; };
		C07F1B4F2AE81860007DBD89 /* FirebaseUITests.swift in Sources */ = {isa = PBXBuildFile; fileRef = C07F1B4E2AE81860007DBD89 /* FirebaseUITests.swift */; };
		C07F1B512AE81860007DBD89 /* FirebaseUITestsLaunchTests.swift in Sources */ = {isa = PBXBuildFile; fileRef = C07F1B502AE81860007DBD89 /* FirebaseUITestsLaunchTests.swift */; };
/* End PBXBuildFile section */

/* Begin PBXContainerItemProxy section */
		C07F1B412AE81860007DBD89 /* PBXContainerItemProxy */ = {
			isa = PBXContainerItemProxy;
			containerPortal = C07F1B282AE8185F007DBD89 /* Project object */;
			proxyType = 1;
			remoteGlobalIDString = C07F1B2F2AE8185F007DBD89;
			remoteInfo = Firebase;
		};
		C07F1B4B2AE81860007DBD89 /* PBXContainerItemProxy */ = {
			isa = PBXContainerItemProxy;
			containerPortal = C07F1B282AE8185F007DBD89 /* Project object */;
			proxyType = 1;
			remoteGlobalIDString = C07F1B2F2AE8185F007DBD89;
			remoteInfo = Firebase;
		};
/* End PBXContainerItemProxy section */

/* Begin PBXFileReference section */
		AF4AD63A2AF2A3D70054D1B5 /* GoogleService-Info.plist */ = {isa = PBXFileReference; fileEncoding = 4; lastKnownFileType = text.plist.xml; path = "GoogleService-Info.plist"; sourceTree = "<group>"; };
		C07F1B302AE8185F007DBD89 /* Firebase.app */ = {isa = PBXFileReference; explicitFileType = wrapper.application; includeInIndex = 0; path = Firebase.app; sourceTree = BUILT_PRODUCTS_DIR; };
		C07F1B332AE8185F007DBD89 /* FirebaseApp.swift */ = {isa = PBXFileReference; lastKnownFileType = sourcecode.swift; path = FirebaseApp.swift; sourceTree = "<group>"; };
		C07F1B352AE8185F007DBD89 /* ContentView.swift */ = {isa = PBXFileReference; lastKnownFileType = sourcecode.swift; path = ContentView.swift; sourceTree = "<group>"; };
		C07F1B372AE81860007DBD89 /* Assets.xcassets */ = {isa = PBXFileReference; lastKnownFileType = folder.assetcatalog; path = Assets.xcassets; sourceTree = "<group>"; };
		C07F1B3A2AE81860007DBD89 /* Preview Assets.xcassets */ = {isa = PBXFileReference; lastKnownFileType = folder.assetcatalog; path = "Preview Assets.xcassets"; sourceTree = "<group>"; };
		C07F1B402AE81860007DBD89 /* FirebaseTests.xctest */ = {isa = PBXFileReference; explicitFileType = wrapper.cfbundle; includeInIndex = 0; path = FirebaseTests.xctest; sourceTree = BUILT_PRODUCTS_DIR; };
		C07F1B442AE81860007DBD89 /* FirebaseTests.swift */ = {isa = PBXFileReference; lastKnownFileType = sourcecode.swift; path = FirebaseTests.swift; sourceTree = "<group>"; };
		C07F1B4A2AE81860007DBD89 /* FirebaseUITests.xctest */ = {isa = PBXFileReference; explicitFileType = wrapper.cfbundle; includeInIndex = 0; path = FirebaseUITests.xctest; sourceTree = BUILT_PRODUCTS_DIR; };
		C07F1B4E2AE81860007DBD89 /* FirebaseUITests.swift */ = {isa = PBXFileReference; lastKnownFileType = sourcecode.swift; path = FirebaseUITests.swift; sourceTree = "<group>"; };
		C07F1B502AE81860007DBD89 /* FirebaseUITestsLaunchTests.swift */ = {isa = PBXFileReference; lastKnownFileType = sourcecode.swift; path = FirebaseUITestsLaunchTests.swift; sourceTree = "<group>"; };
/* End PBXFileReference section */

/* Begin PBXFrameworksBuildPhase section */
		C07F1B2D2AE8185F007DBD89 /* Frameworks */ = {
			isa = PBXFrameworksBuildPhase;
			buildActionMask = 2147483647;
			files = (
				AF4AD6442AF2A6680054D1B5 /* FirebaseDatabaseSwift in Frameworks */,
				AF4AD6462AF2A6680054D1B5 /* FirebaseStorage in Frameworks */,
				AF4AD6422AF2A6680054D1B5 /* FirebaseDatabase in Frameworks */,
				AF4AD6402AF2A6680054D1B5 /* FirebaseAnalytics in Frameworks */,
			);
			runOnlyForDeploymentPostprocessing = 0;
		};
		C07F1B3D2AE81860007DBD89 /* Frameworks */ = {
			isa = PBXFrameworksBuildPhase;
			buildActionMask = 2147483647;
			files = (
			);
			runOnlyForDeploymentPostprocessing = 0;
		};
		C07F1B472AE81860007DBD89 /* Frameworks */ = {
			isa = PBXFrameworksBuildPhase;
			buildActionMask = 2147483647;
			files = (
			);
			runOnlyForDeploymentPostprocessing = 0;
		};
/* End PBXFrameworksBuildPhase section */

/* Begin PBXGroup section */
		C07F1B272AE8185F007DBD89 = {
			isa = PBXGroup;
			children = (
				C07F1B322AE8185F007DBD89 /* Firebase */,
				C07F1B432AE81860007DBD89 /* FirebaseTests */,
				C07F1B4D2AE81860007DBD89 /* FirebaseUITests */,
				C07F1B312AE8185F007DBD89 /* Products */,
			);
			sourceTree = "<group>";
		};
		C07F1B312AE8185F007DBD89 /* Products */ = {
			isa = PBXGroup;
			children = (
				C07F1B302AE8185F007DBD89 /* Firebase.app */,
				C07F1B402AE81860007DBD89 /* FirebaseTests.xctest */,
				C07F1B4A2AE81860007DBD89 /* FirebaseUITests.xctest */,
			);
			name = Products;
			sourceTree = "<group>";
		};
		C07F1B322AE8185F007DBD89 /* Firebase */ = {
			isa = PBXGroup;
			children = (
				C07F1B332AE8185F007DBD89 /* FirebaseApp.swift */,
				C07F1B352AE8185F007DBD89 /* ContentView.swift */,
				AF4AD63A2AF2A3D70054D1B5 /* GoogleService-Info.plist */,
				C07F1B372AE81860007DBD89 /* Assets.xcassets */,
				C07F1B392AE81860007DBD89 /* Preview Content */,
			);
			path = Firebase;
			sourceTree = "<group>";
		};
		C07F1B392AE81860007DBD89 /* Preview Content */ = {
			isa = PBXGroup;
			children = (
				C07F1B3A2AE81860007DBD89 /* Preview Assets.xcassets */,
			);
			path = "Preview Content";
			sourceTree = "<group>";
		};
		C07F1B432AE81860007DBD89 /* FirebaseTests */ = {
			isa = PBXGroup;
			children = (
				C07F1B442AE81860007DBD89 /* FirebaseTests.swift */,
			);
			path = FirebaseTests;
			sourceTree = "<group>";
		};
		C07F1B4D2AE81860007DBD89 /* FirebaseUITests */ = {
			isa = PBXGroup;
			children = (
				C07F1B4E2AE81860007DBD89 /* FirebaseUITests.swift */,
				C07F1B502AE81860007DBD89 /* FirebaseUITestsLaunchTests.swift */,
			);
			path = FirebaseUITests;
			sourceTree = "<group>";
		};
/* End PBXGroup section */

/* Begin PBXNativeTarget section */
		C07F1B2F2AE8185F007DBD89 /* Firebase */ = {
			isa = PBXNativeTarget;
			buildConfigurationList = C07F1B542AE81860007DBD89 /* Build configuration list for PBXNativeTarget "Firebase" */;
			buildPhases = (
				C07F1B2C2AE8185F007DBD89 /* Sources */,
				C07F1B2D2AE8185F007DBD89 /* Frameworks */,
				C07F1B2E2AE8185F007DBD89 /* Resources */,
			);
			buildRules = (
			);
			dependencies = (
			);
			name = Firebase;
			packageProductDependencies = (
				AF4AD63F2AF2A6680054D1B5 /* FirebaseAnalytics */,
				AF4AD6412AF2A6680054D1B5 /* FirebaseDatabase */,
				AF4AD6432AF2A6680054D1B5 /* FirebaseDatabaseSwift */,
				AF4AD6452AF2A6680054D1B5 /* FirebaseStorage */,
			);
			productName = Firebase;
			productReference = C07F1B302AE8185F007DBD89 /* Firebase.app */;
			productType = "com.apple.product-type.application";
		};
		C07F1B3F2AE81860007DBD89 /* FirebaseTests */ = {
			isa = PBXNativeTarget;
			buildConfigurationList = C07F1B572AE81860007DBD89 /* Build configuration list for PBXNativeTarget "FirebaseTests" */;
			buildPhases = (
				C07F1B3C2AE81860007DBD89 /* Sources */,
				C07F1B3D2AE81860007DBD89 /* Frameworks */,
				C07F1B3E2AE81860007DBD89 /* Resources */,
			);
			buildRules = (
			);
			dependencies = (
				C07F1B422AE81860007DBD89 /* PBXTargetDependency */,
			);
			name = FirebaseTests;
			productName = FirebaseTests;
			productReference = C07F1B402AE81860007DBD89 /* FirebaseTests.xctest */;
			productType = "com.apple.product-type.bundle.unit-test";
		};
		C07F1B492AE81860007DBD89 /* FirebaseUITests */ = {
			isa = PBXNativeTarget;
			buildConfigurationList = C07F1B5A2AE81860007DBD89 /* Build configuration list for PBXNativeTarget "FirebaseUITests" */;
			buildPhases = (
				C07F1B462AE81860007DBD89 /* Sources */,
				C07F1B472AE81860007DBD89 /* Frameworks */,
				C07F1B482AE81860007DBD89 /* Resources */,
			);
			buildRules = (
			);
			dependencies = (
				C07F1B4C2AE81860007DBD89 /* PBXTargetDependency */,
			);
			name = FirebaseUITests;
			productName = FirebaseUITests;
			productReference = C07F1B4A2AE81860007DBD89 /* FirebaseUITests.xctest */;
			productType = "com.apple.product-type.bundle.ui-testing";
		};
/* End PBXNativeTarget section */

/* Begin PBXProject section */
		C07F1B282AE8185F007DBD89 /* Project object */ = {
			isa = PBXProject;
			attributes = {
				BuildIndependentTargetsInParallel = 1;
				LastSwiftUpdateCheck = 1430;
				LastUpgradeCheck = 1430;
				TargetAttributes = {
					C07F1B2F2AE8185F007DBD89 = {
						CreatedOnToolsVersion = 14.3.1;
					};
					C07F1B3F2AE81860007DBD89 = {
						CreatedOnToolsVersion = 14.3.1;
						TestTargetID = C07F1B2F2AE8185F007DBD89;
					};
					C07F1B492AE81860007DBD89 = {
						CreatedOnToolsVersion = 14.3.1;
						TestTargetID = C07F1B2F2AE8185F007DBD89;
					};
				};
			};
			buildConfigurationList = C07F1B2B2AE8185F007DBD89 /* Build configuration list for PBXProject "Firebase" */;
			compatibilityVersion = "Xcode 14.0";
			developmentRegion = en;
			hasScannedForEncodings = 0;
			knownRegions = (
				en,
				Base,
			);
			mainGroup = C07F1B272AE8185F007DBD89;
			packageReferences = (
				AF4AD63E2AF2A6680054D1B5 /* XCRemoteSwiftPackageReference "firebase-ios-sdk" */,
			);
			productRefGroup = C07F1B312AE8185F007DBD89 /* Products */;
			projectDirPath = "";
			projectRoot = "";
			targets = (
				C07F1B2F2AE8185F007DBD89 /* Firebase */,
				C07F1B3F2AE81860007DBD89 /* FirebaseTests */,
				C07F1B492AE81860007DBD89 /* FirebaseUITests */,
			);
		};
/* End PBXProject section */

/* Begin PBXResourcesBuildPhase section */
		C07F1B2E2AE8185F007DBD89 /* Resources */ = {
			isa = PBXResourcesBuildPhase;
			buildActionMask = 2147483647;
			files = (
				C07F1B3B2AE81860007DBD89 /* Preview Assets.xcassets in Resources */,
				C07F1B382AE81860007DBD89 /* Assets.xcassets in Resources */,
				AF4AD63B2AF2A3D70054D1B5 /* GoogleService-Info.plist in Resources */,
			);
			runOnlyForDeploymentPostprocessing = 0;
		};
		C07F1B3E2AE81860007DBD89 /* Resources */ = {
			isa = PBXResourcesBuildPhase;
			buildActionMask = 2147483647;
			files = (
				AF4AD63C2AF2A3D70054D1B5 /* GoogleService-Info.plist in Resources */,
			);
			runOnlyForDeploymentPostprocessing = 0;
		};
		C07F1B482AE81860007DBD89 /* Resources */ = {
			isa = PBXResourcesBuildPhase;
			buildActionMask = 2147483647;
			files = (
				AF4AD63D2AF2A3D70054D1B5 /* GoogleService-Info.plist in Resources */,
			);
			runOnlyForDeploymentPostprocessing = 0;
		};
/* End PBXResourcesBuildPhase section */

/* Begin PBXSourcesBuildPhase section */
		C07F1B2C2AE8185F007DBD89 /* Sources */ = {
			isa = PBXSourcesBuildPhase;
			buildActionMask = 2147483647;
			files = (
				C07F1B362AE8185F007DBD89 /* ContentView.swift in Sources */,
				C07F1B342AE8185F007DBD89 /* FirebaseApp.swift in Sources */,
			);
			runOnlyForDeploymentPostprocessing = 0;
		};
		C07F1B3C2AE81860007DBD89 /* Sources */ = {
			isa = PBXSourcesBuildPhase;
			buildActionMask = 2147483647;
			files = (
				C07F1B452AE81860007DBD89 /* FirebaseTests.swift in Sources */,
			);
			runOnlyForDeploymentPostprocessing = 0;
		};
		C07F1B462AE81860007DBD89 /* Sources */ = {
			isa = PBXSourcesBuildPhase;
			buildActionMask = 2147483647;
			files = (
				C07F1B512AE81860007DBD89 /* FirebaseUITestsLaunchTests.swift in Sources */,
				C07F1B4F2AE81860007DBD89 /* FirebaseUITests.swift in Sources */,
			);
			runOnlyForDeploymentPostprocessing = 0;
		};
/* End PBXSourcesBuildPhase section */

/* Begin PBXTargetDependency section */
		C07F1B422AE81860007DBD89 /* PBXTargetDependency */ = {
			isa = PBXTargetDependency;
			target = C07F1B2F2AE8185F007DBD89 /* Firebase */;
			targetProxy = C07F1B412AE81860007DBD89 /* PBXContainerItemProxy */;
		};
		C07F1B4C2AE81860007DBD89 /* PBXTargetDependency */ = {
			isa = PBXTargetDependency;
			target = C07F1B2F2AE8185F007DBD89 /* Firebase */;
			targetProxy = C07F1B4B2AE81860007DBD89 /* PBXContainerItemProxy */;
		};
/* End PBXTargetDependency section */

/* Begin XCBuildConfiguration section */
		C07F1B522AE81860007DBD89 /* Debug */ = {
			isa = XCBuildConfiguration;
			buildSettings = {
				ALWAYS_SEARCH_USER_PATHS = NO;
				CLANG_ANALYZER_NONNULL = YES;
				CLANG_ANALYZER_NUMBER_OBJECT_CONVERSION = YES_AGGRESSIVE;
				CLANG_CXX_LANGUAGE_STANDARD = "gnu++20";
				CLANG_ENABLE_MODULES = YES;
				CLANG_ENABLE_OBJC_ARC = YES;
				CLANG_ENABLE_OBJC_WEAK = YES;
				CLANG_WARN_BLOCK_CAPTURE_AUTORELEASING = YES;
				CLANG_WARN_BOOL_CONVERSION = YES;
				CLANG_WARN_COMMA = YES;
				CLANG_WARN_CONSTANT_CONVERSION = YES;
				CLANG_WARN_DEPRECATED_OBJC_IMPLEMENTATIONS = YES;
				CLANG_WARN_DIRECT_OBJC_ISA_USAGE = YES_ERROR;
				CLANG_WARN_DOCUMENTATION_COMMENTS = YES;
				CLANG_WARN_EMPTY_BODY = YES;
				CLANG_WARN_ENUM_CONVERSION = YES;
				CLANG_WARN_INFINITE_RECURSION = YES;
				CLANG_WARN_INT_CONVERSION = YES;
				CLANG_WARN_NON_LITERAL_NULL_CONVERSION = YES;
				CLANG_WARN_OBJC_IMPLICIT_RETAIN_SELF = YES;
				CLANG_WARN_OBJC_LITERAL_CONVERSION = YES;
				CLANG_WARN_OBJC_ROOT_CLASS = YES_ERROR;
				CLANG_WARN_QUOTED_INCLUDE_IN_FRAMEWORK_HEADER = YES;
				CLANG_WARN_RANGE_LOOP_ANALYSIS = YES;
				CLANG_WARN_STRICT_PROTOTYPES = YES;
				CLANG_WARN_SUSPICIOUS_MOVE = YES;
				CLANG_WARN_UNGUARDED_AVAILABILITY = YES_AGGRESSIVE;
				CLANG_WARN_UNREACHABLE_CODE = YES;
				CLANG_WARN__DUPLICATE_METHOD_MATCH = YES;
				COPY_PHASE_STRIP = NO;
				DEBUG_INFORMATION_FORMAT = dwarf;
				ENABLE_STRICT_OBJC_MSGSEND = YES;
				ENABLE_TESTABILITY = YES;
				GCC_C_LANGUAGE_STANDARD = gnu11;
				GCC_DYNAMIC_NO_PIC = NO;
				GCC_NO_COMMON_BLOCKS = YES;
				GCC_OPTIMIZATION_LEVEL = 0;
				GCC_PREPROCESSOR_DEFINITIONS = (
					"DEBUG=1",
					"$(inherited)",
				);
				GCC_WARN_64_TO_32_BIT_CONVERSION = YES;
				GCC_WARN_ABOUT_RETURN_TYPE = YES_ERROR;
				GCC_WARN_UNDECLARED_SELECTOR = YES;
				GCC_WARN_UNINITIALIZED_AUTOS = YES_AGGRESSIVE;
				GCC_WARN_UNUSED_FUNCTION = YES;
				GCC_WARN_UNUSED_VARIABLE = YES;
				IPHONEOS_DEPLOYMENT_TARGET = 16.4;
				MTL_ENABLE_DEBUG_INFO = INCLUDE_SOURCE;
				MTL_FAST_MATH = YES;
				ONLY_ACTIVE_ARCH = YES;
				SDKROOT = iphoneos;
				SWIFT_ACTIVE_COMPILATION_CONDITIONS = DEBUG;
				SWIFT_OPTIMIZATION_LEVEL = "-Onone";
			};
			name = Debug;
		};
		C07F1B532AE81860007DBD89 /* Release */ = {
			isa = XCBuildConfiguration;
			buildSettings = {
				ALWAYS_SEARCH_USER_PATHS = NO;
				CLANG_ANALYZER_NONNULL = YES;
				CLANG_ANALYZER_NUMBER_OBJECT_CONVERSION = YES_AGGRESSIVE;
				CLANG_CXX_LANGUAGE_STANDARD = "gnu++20";
				CLANG_ENABLE_MODULES = YES;
				CLANG_ENABLE_OBJC_ARC = YES;
				CLANG_ENABLE_OBJC_WEAK = YES;
				CLANG_WARN_BLOCK_CAPTURE_AUTORELEASING = YES;
				CLANG_WARN_BOOL_CONVERSION = YES;
				CLANG_WARN_COMMA = YES;
				CLANG_WARN_CONSTANT_CONVERSION = YES;
				CLANG_WARN_DEPRECATED_OBJC_IMPLEMENTATIONS = YES;
				CLANG_WARN_DIRECT_OBJC_ISA_USAGE = YES_ERROR;
				CLANG_WARN_DOCUMENTATION_COMMENTS = YES;
				CLANG_WARN_EMPTY_BODY = YES;
				CLANG_WARN_ENUM_CONVERSION = YES;
				CLANG_WARN_INFINITE_RECURSION = YES;
				CLANG_WARN_INT_CONVERSION = YES;
				CLANG_WARN_NON_LITERAL_NULL_CONVERSION = YES;
				CLANG_WARN_OBJC_IMPLICIT_RETAIN_SELF = YES;
				CLANG_WARN_OBJC_LITERAL_CONVERSION = YES;
				CLANG_WARN_OBJC_ROOT_CLASS = YES_ERROR;
				CLANG_WARN_QUOTED_INCLUDE_IN_FRAMEWORK_HEADER = YES;
				CLANG_WARN_RANGE_LOOP_ANALYSIS = YES;
				CLANG_WARN_STRICT_PROTOTYPES = YES;
				CLANG_WARN_SUSPICIOUS_MOVE = YES;
				CLANG_WARN_UNGUARDED_AVAILABILITY = YES_AGGRESSIVE;
				CLANG_WARN_UNREACHABLE_CODE = YES;
				CLANG_WARN__DUPLICATE_METHOD_MATCH = YES;
				COPY_PHASE_STRIP = NO;
				DEBUG_INFORMATION_FORMAT = "dwarf-with-dsym";
				ENABLE_NS_ASSERTIONS = NO;
				ENABLE_STRICT_OBJC_MSGSEND = YES;
				GCC_C_LANGUAGE_STANDARD = gnu11;
				GCC_NO_COMMON_BLOCKS = YES;
				GCC_WARN_64_TO_32_BIT_CONVERSION = YES;
				GCC_WARN_ABOUT_RETURN_TYPE = YES_ERROR;
				GCC_WARN_UNDECLARED_SELECTOR = YES;
				GCC_WARN_UNINITIALIZED_AUTOS = YES_AGGRESSIVE;
				GCC_WARN_UNUSED_FUNCTION = YES;
				GCC_WARN_UNUSED_VARIABLE = YES;
				IPHONEOS_DEPLOYMENT_TARGET = 16.4;
				MTL_ENABLE_DEBUG_INFO = NO;
				MTL_FAST_MATH = YES;
				SDKROOT = iphoneos;
				SWIFT_COMPILATION_MODE = wholemodule;
				SWIFT_OPTIMIZATION_LEVEL = "-O";
				VALIDATE_PRODUCT = YES;
			};
			name = Release;
		};
		C07F1B552AE81860007DBD89 /* Debug */ = {
			isa = XCBuildConfiguration;
			buildSettings = {
				ASSETCATALOG_COMPILER_APPICON_NAME = AppIcon;
				ASSETCATALOG_COMPILER_GLOBAL_ACCENT_COLOR_NAME = AccentColor;
				CODE_SIGN_STYLE = Automatic;
				CURRENT_PROJECT_VERSION = 1;
				DEVELOPMENT_ASSET_PATHS = "\"Firebase/Preview Content\"";
				ENABLE_PREVIEWS = YES;
				GENERATE_INFOPLIST_FILE = YES;
				INFOPLIST_KEY_UIApplicationSceneManifest_Generation = YES;
				INFOPLIST_KEY_UIApplicationSupportsIndirectInputEvents = YES;
				INFOPLIST_KEY_UILaunchScreen_Generation = YES;
				INFOPLIST_KEY_UISupportedInterfaceOrientations_iPad = "UIInterfaceOrientationPortrait UIInterfaceOrientationPortraitUpsideDown UIInterfaceOrientationLandscapeLeft UIInterfaceOrientationLandscapeRight";
				INFOPLIST_KEY_UISupportedInterfaceOrientations_iPhone = "UIInterfaceOrientationPortrait UIInterfaceOrientationLandscapeLeft UIInterfaceOrientationLandscapeRight";
				LD_RUNPATH_SEARCH_PATHS = (
					"$(inherited)",
					"@executable_path/Frameworks",
				);
				MARKETING_VERSION = 1.0;
				PRODUCT_BUNDLE_IDENTIFIER = PHS.Firebase;
				PRODUCT_NAME = "$(TARGET_NAME)";
				SWIFT_EMIT_LOC_STRINGS = YES;
				SWIFT_VERSION = 5.0;
				TARGETED_DEVICE_FAMILY = "1,2";
			};
			name = Debug;
		};
		C07F1B562AE81860007DBD89 /* Release */ = {
			isa = XCBuildConfiguration;
			buildSettings = {
				ASSETCATALOG_COMPILER_APPICON_NAME = AppIcon;
				ASSETCATALOG_COMPILER_GLOBAL_ACCENT_COLOR_NAME = AccentColor;
				CODE_SIGN_STYLE = Automatic;
				CURRENT_PROJECT_VERSION = 1;
				DEVELOPMENT_ASSET_PATHS = "\"Firebase/Preview Content\"";
				ENABLE_PREVIEWS = YES;
				GENERATE_INFOPLIST_FILE = YES;
				INFOPLIST_KEY_UIApplicationSceneManifest_Generation = YES;
				INFOPLIST_KEY_UIApplicationSupportsIndirectInputEvents = YES;
				INFOPLIST_KEY_UILaunchScreen_Generation = YES;
				INFOPLIST_KEY_UISupportedInterfaceOrientations_iPad = "UIInterfaceOrientationPortrait UIInterfaceOrientationPortraitUpsideDown UIInterfaceOrientationLandscapeLeft UIInterfaceOrientationLandscapeRight";
				INFOPLIST_KEY_UISupportedInterfaceOrientations_iPhone = "UIInterfaceOrientationPortrait UIInterfaceOrientationLandscapeLeft UIInterfaceOrientationLandscapeRight";
				LD_RUNPATH_SEARCH_PATHS = (
					"$(inherited)",
					"@executable_path/Frameworks",
				);
				MARKETING_VERSION = 1.0;
				PRODUCT_BUNDLE_IDENTIFIER = PHS.Firebase;
				PRODUCT_NAME = "$(TARGET_NAME)";
				SWIFT_EMIT_LOC_STRINGS = YES;
				SWIFT_VERSION = 5.0;
				TARGETED_DEVICE_FAMILY = "1,2";
			};
			name = Release;
		};
		C07F1B582AE81860007DBD89 /* Debug */ = {
			isa = XCBuildConfiguration;
			buildSettings = {
				ALWAYS_EMBED_SWIFT_STANDARD_LIBRARIES = YES;
				BUNDLE_LOADER = "$(TEST_HOST)";
				CODE_SIGN_STYLE = Automatic;
				CURRENT_PROJECT_VERSION = 1;
				GENERATE_INFOPLIST_FILE = YES;
				IPHONEOS_DEPLOYMENT_TARGET = 16.4;
				MARKETING_VERSION = 1.0;
				PRODUCT_BUNDLE_IDENTIFIER = PHS.FirebaseTests;
				PRODUCT_NAME = "$(TARGET_NAME)";
				SWIFT_EMIT_LOC_STRINGS = NO;
				SWIFT_VERSION = 5.0;
				TARGETED_DEVICE_FAMILY = "1,2";
				TEST_HOST = "$(BUILT_PRODUCTS_DIR)/Firebase.app/$(BUNDLE_EXECUTABLE_FOLDER_PATH)/Firebase";
			};
			name = Debug;
		};
		C07F1B592AE81860007DBD89 /* Release */ = {
			isa = XCBuildConfiguration;
			buildSettings = {
				ALWAYS_EMBED_SWIFT_STANDARD_LIBRARIES = YES;
				BUNDLE_LOADER = "$(TEST_HOST)";
				CODE_SIGN_STYLE = Automatic;
				CURRENT_PROJECT_VERSION = 1;
				GENERATE_INFOPLIST_FILE = YES;
				IPHONEOS_DEPLOYMENT_TARGET = 16.4;
				MARKETING_VERSION = 1.0;
				PRODUCT_BUNDLE_IDENTIFIER = PHS.FirebaseTests;
				PRODUCT_NAME = "$(TARGET_NAME)";
				SWIFT_EMIT_LOC_STRINGS = NO;
				SWIFT_VERSION = 5.0;
				TARGETED_DEVICE_FAMILY = "1,2";
				TEST_HOST = "$(BUILT_PRODUCTS_DIR)/Firebase.app/$(BUNDLE_EXECUTABLE_FOLDER_PATH)/Firebase";
			};
			name = Release;
		};
		C07F1B5B2AE81860007DBD89 /* Debug */ = {
			isa = XCBuildConfiguration;
			buildSettings = {
				ALWAYS_EMBED_SWIFT_STANDARD_LIBRARIES = YES;
				CODE_SIGN_STYLE = Automatic;
				CURRENT_PROJECT_VERSION = 1;
				GENERATE_INFOPLIST_FILE = YES;
				MARKETING_VERSION = 1.0;
				PRODUCT_BUNDLE_IDENTIFIER = PHS.FirebaseUITests;
				PRODUCT_NAME = "$(TARGET_NAME)";
				SWIFT_EMIT_LOC_STRINGS = NO;
				SWIFT_VERSION = 5.0;
				TARGETED_DEVICE_FAMILY = "1,2";
				TEST_TARGET_NAME = Firebase;
			};
			name = Debug;
		};
		C07F1B5C2AE81860007DBD89 /* Release */ = {
			isa = XCBuildConfiguration;
			buildSettings = {
				ALWAYS_EMBED_SWIFT_STANDARD_LIBRARIES = YES;
				CODE_SIGN_STYLE = Automatic;
				CURRENT_PROJECT_VERSION = 1;
				GENERATE_INFOPLIST_FILE = YES;
				MARKETING_VERSION = 1.0;
				PRODUCT_BUNDLE_IDENTIFIER = PHS.FirebaseUITests;
				PRODUCT_NAME = "$(TARGET_NAME)";
				SWIFT_EMIT_LOC_STRINGS = NO;
				SWIFT_VERSION = 5.0;
				TARGETED_DEVICE_FAMILY = "1,2";
				TEST_TARGET_NAME = Firebase;
			};
			name = Release;
		};
/* End XCBuildConfiguration section */

/* Begin XCConfigurationList section */
		C07F1B2B2AE8185F007DBD89 /* Build configuration list for PBXProject "Firebase" */ = {
			isa = XCConfigurationList;
			buildConfigurations = (
				C07F1B522AE81860007DBD89 /* Debug */,
				C07F1B532AE81860007DBD89 /* Release */,
			);
			defaultConfigurationIsVisible = 0;
			defaultConfigurationName = Release;
		};
		C07F1B542AE81860007DBD89 /* Build configuration list for PBXNativeTarget "Firebase" */ = {
			isa = XCConfigurationList;
			buildConfigurations = (
				C07F1B552AE81860007DBD89 /* Debug */,
				C07F1B562AE81860007DBD89 /* Release */,
			);
			defaultConfigurationIsVisible = 0;
			defaultConfigurationName = Release;
		};
		C07F1B572AE81860007DBD89 /* Build configuration list for PBXNativeTarget "FirebaseTests" */ = {
			isa = XCConfigurationList;
			buildConfigurations = (
				C07F1B582AE81860007DBD89 /* Debug */,
				C07F1B592AE81860007DBD89 /* Release */,
			);
			defaultConfigurationIsVisible = 0;
			defaultConfigurationName = Release;
		};
		C07F1B5A2AE81860007DBD89 /* Build configuration list for PBXNativeTarget "FirebaseUITests" */ = {
			isa = XCConfigurationList;
			buildConfigurations = (
				C07F1B5B2AE81860007DBD89 /* Debug */,
				C07F1B5C2AE81860007DBD89 /* Release */,
			);
			defaultConfigurationIsVisible = 0;
			defaultConfigurationName = Release;
		};
/* End XCConfigurationList section */

/* Begin XCRemoteSwiftPackageReference section */
		AF4AD63E2AF2A6680054D1B5 /* XCRemoteSwiftPackageReference "firebase-ios-sdk" */ = {
			isa = XCRemoteSwiftPackageReference;
			repositoryURL = "https://github.com/firebase/firebase-ios-sdk";
			requirement = {
				kind = upToNextMajorVersion;
				minimumVersion = 10.0.0;
			};
		};
/* End XCRemoteSwiftPackageReference section */

/* Begin XCSwiftPackageProductDependency section */
		AF4AD63F2AF2A6680054D1B5 /* FirebaseAnalytics */ = {
			isa = XCSwiftPackageProductDependency;
			package = AF4AD63E2AF2A6680054D1B5 /* XCRemoteSwiftPackageReference "firebase-ios-sdk" */;
			productName = FirebaseAnalytics;
		};
		AF4AD6412AF2A6680054D1B5 /* FirebaseDatabase */ = {
			isa = XCSwiftPackageProductDependency;
			package = AF4AD63E2AF2A6680054D1B5 /* XCRemoteSwiftPackageReference "firebase-ios-sdk" */;
			productName = FirebaseDatabase;
		};
		AF4AD6432AF2A6680054D1B5 /* FirebaseDatabaseSwift */ = {
			isa = XCSwiftPackageProductDependency;
			package = AF4AD63E2AF2A6680054D1B5 /* XCRemoteSwiftPackageReference "firebase-ios-sdk" */;
			productName = FirebaseDatabaseSwift;
		};
		AF4AD6452AF2A6680054D1B5 /* FirebaseStorage */ = {
			isa = XCSwiftPackageProductDependency;
			package = AF4AD63E2AF2A6680054D1B5 /* XCRemoteSwiftPackageReference "firebase-ios-sdk" */;
			productName = FirebaseStorage;
		};
/* End XCSwiftPackageProductDependency section */
	};
	rootObject = C07F1B282AE8185F007DBD89 /* Project object */;
}
